{
    "version": 3,
    "terraform_version": "0.11.7",
    "serial": 23,
    "lineage": "4cfe3fc5-6d08-6dd3-b5df-9a3bbdda84ec",
    "modules": [
        {
            "path": [
                "root"
            ],
            "outputs": {},
            "resources": {
                "aws_cloudfront_distribution.www": {
                    "type": "aws_cloudfront_distribution",
                    "depends_on": [
                        "data.aws_acm_certificate.www"
                    ],
                    "primary": {
                        "id": "E3CA5REE2CG2OL",
                        "attributes": {
                            "active_trusted_signers.%": "2",
                            "active_trusted_signers.enabled": "false",
                            "active_trusted_signers.items.#": "0",
                            "aliases.#": "2",
                            "aliases.3648637264": "zxjinn.com",
                            "aliases.659912466": "www.zxjinn.com",
                            "arn": "arn:aws:cloudfront::561511653703:distribution/E3CA5REE2CG2OL",
                            "cache_behavior.#": "0",
                            "caller_reference": "1453565449428",
                            "custom_error_response.#": "0",
                            "default_cache_behavior.#": "1",
                            "default_cache_behavior.2764555521.allowed_methods.#": "2",
                            "default_cache_behavior.2764555521.allowed_methods.0": "HEAD",
                            "default_cache_behavior.2764555521.allowed_methods.1": "GET",
                            "default_cache_behavior.2764555521.cached_methods.#": "2",
                            "default_cache_behavior.2764555521.cached_methods.0": "HEAD",
                            "default_cache_behavior.2764555521.cached_methods.1": "GET",
                            "default_cache_behavior.2764555521.compress": "true",
                            "default_cache_behavior.2764555521.default_ttl": "86400",
                            "default_cache_behavior.2764555521.field_level_encryption_id": "",
                            "default_cache_behavior.2764555521.forwarded_values.#": "1",
                            "default_cache_behavior.2764555521.forwarded_values.2759845635.cookies.#": "1",
                            "default_cache_behavior.2764555521.forwarded_values.2759845635.cookies.2625240281.forward": "none",
                            "default_cache_behavior.2764555521.forwarded_values.2759845635.cookies.2625240281.whitelisted_names.#": "0",
                            "default_cache_behavior.2764555521.forwarded_values.2759845635.headers.#": "0",
                            "default_cache_behavior.2764555521.forwarded_values.2759845635.query_string": "false",
                            "default_cache_behavior.2764555521.forwarded_values.2759845635.query_string_cache_keys.#": "0",
                            "default_cache_behavior.2764555521.lambda_function_association.#": "0",
                            "default_cache_behavior.2764555521.max_ttl": "31536000",
                            "default_cache_behavior.2764555521.min_ttl": "0",
                            "default_cache_behavior.2764555521.smooth_streaming": "false",
                            "default_cache_behavior.2764555521.target_origin_id": "Custom-www.zxjinn.com.s3-website-us-west-1.amazonaws.com",
                            "default_cache_behavior.2764555521.trusted_signers.#": "0",
                            "default_cache_behavior.2764555521.viewer_protocol_policy": "redirect-to-https",
                            "default_root_object": "index.html",
                            "domain_name": "d3dhma8302fd3n.cloudfront.net",
                            "enabled": "true",
                            "etag": "E2WOD04Q5ZOHO2",
                            "hosted_zone_id": "Z2FDTNDATAQYW2",
                            "http_version": "http2",
                            "id": "E3CA5REE2CG2OL",
                            "in_progress_validation_batches": "0",
                            "is_ipv6_enabled": "true",
                            "last_modified_time": "2018-07-06 22:09:43.48 +0000 UTC",
                            "logging_config.#": "0",
                            "origin.#": "1",
                            "origin.1303736769.custom_header.#": "0",
                            "origin.1303736769.custom_origin_config.#": "1",
                            "origin.1303736769.custom_origin_config.1702400468.http_port": "80",
                            "origin.1303736769.custom_origin_config.1702400468.https_port": "443",
                            "origin.1303736769.custom_origin_config.1702400468.origin_keepalive_timeout": "5",
                            "origin.1303736769.custom_origin_config.1702400468.origin_protocol_policy": "http-only",
                            "origin.1303736769.custom_origin_config.1702400468.origin_read_timeout": "30",
                            "origin.1303736769.custom_origin_config.1702400468.origin_ssl_protocols.#": "3",
                            "origin.1303736769.custom_origin_config.1702400468.origin_ssl_protocols.0": "TLSv1",
                            "origin.1303736769.custom_origin_config.1702400468.origin_ssl_protocols.1": "TLSv1.1",
                            "origin.1303736769.custom_origin_config.1702400468.origin_ssl_protocols.2": "TLSv1.2",
                            "origin.1303736769.domain_name": "www.zxjinn.com.s3-website-us-west-1.amazonaws.com",
                            "origin.1303736769.origin_id": "Custom-www.zxjinn.com.s3-website-us-west-1.amazonaws.com",
                            "origin.1303736769.origin_path": "",
                            "origin.1303736769.s3_origin_config.#": "0",
                            "price_class": "PriceClass_100",
                            "restrictions.#": "1",
                            "restrictions.1097372288.geo_restriction.#": "1",
                            "restrictions.1097372288.geo_restriction.2625240281.locations.#": "0",
                            "restrictions.1097372288.geo_restriction.2625240281.restriction_type": "none",
                            "retain_on_delete": "false",
                            "status": "InProgress",
                            "tags.%": "0",
                            "viewer_certificate.#": "1",
                            "viewer_certificate.1075958687.acm_certificate_arn": "arn:aws:acm:us-east-1:561511653703:certificate/cb75ce91-50b0-47da-8c54-074f9da7fa03",
                            "viewer_certificate.1075958687.cloudfront_default_certificate": "false",
                            "viewer_certificate.1075958687.iam_certificate_id": "",
                            "viewer_certificate.1075958687.minimum_protocol_version": "TLSv1",
                            "viewer_certificate.1075958687.ssl_support_method": "sni-only",
                            "web_acl_id": ""
                        },
                        "meta": {},
                        "tainted": false
                    },
                    "deposed": [],
                    "provider": "provider.aws"
                },
                "aws_s3_bucket.www": {
                    "type": "aws_s3_bucket",
                    "depends_on": [],
                    "primary": {
                        "id": "www.zxjinn.com",
                        "attributes": {
                            "acceleration_status": "",
                            "acl": "public-read",
                            "arn": "arn:aws:s3:::www.zxjinn.com",
                            "bucket": "www.zxjinn.com",
                            "bucket_domain_name": "www.zxjinn.com.s3.amazonaws.com",
                            "bucket_regional_domain_name": "www.zxjinn.com.s3.us-west-1.amazonaws.com",
                            "cors_rule.#": "0",
                            "force_destroy": "false",
                            "hosted_zone_id": "Z2F56UZL2M1ACD",
                            "id": "www.zxjinn.com",
                            "logging.#": "0",
                            "policy": "{\"Id\":\"Policywww.zxjinn.com16993\",\"Statement\":[{\"Action\":\"s3:GetObject\",\"Effect\":\"Allow\",\"Principal\":{\"AWS\":\"*\"},\"Resource\":\"arn:aws:s3:::www.zxjinn.com/*\",\"Sid\":\"Stmtwww.zxjinn.com19750\"}],\"Version\":\"2008-10-17\"}",
                            "region": "us-west-1",
                            "replication_configuration.#": "0",
                            "request_payer": "BucketOwner",
                            "server_side_encryption_configuration.#": "0",
                            "tags.%": "0",
                            "versioning.#": "1",
                            "versioning.0.enabled": "false",
                            "versioning.0.mfa_delete": "false",
                            "website.#": "1",
                            "website.0.error_document": "index.html",
                            "website.0.index_document": "index.html",
                            "website.0.redirect_all_requests_to": "",
                            "website.0.routing_rules": "",
                            "website_domain": "s3-website-us-west-1.amazonaws.com",
                            "website_endpoint": "www.zxjinn.com.s3-website-us-west-1.amazonaws.com"
                        },
                        "meta": {},
                        "tainted": false
                    },
                    "deposed": [],
                    "provider": "provider.aws"
                },
                "aws_s3_bucket_object.index": {
                    "type": "aws_s3_bucket_object",
                    "depends_on": [
                        "aws_s3_bucket.www"
                    ],
                    "primary": {
                        "id": "index.html",
                        "attributes": {
                            "acl": "public-read",
                            "bucket": "www.zxjinn.com",
                            "cache_control": "",
                            "content_disposition": "",
                            "content_encoding": "",
                            "content_language": "",
                            "content_type": "text/html",
                            "etag": "3a3827c23e0e459695e0e90f3b8447fe",
                            "id": "index.html",
                            "key": "index.html",
                            "kms_key_id": "",
                            "server_side_encryption": "",
                            "source": "site/index.html",
                            "storage_class": "STANDARD",
                            "tags.%": "0",
                            "version_id": "",
                            "website_redirect": ""
                        },
                        "meta": {},
                        "tainted": false
                    },
                    "deposed": [],
                    "provider": "provider.aws"
                },
                "aws_s3_bucket_object.keybase": {
                    "type": "aws_s3_bucket_object",
                    "depends_on": [
                        "aws_s3_bucket.www"
                    ],
                    "primary": {
                        "id": "keybase.txt",
                        "attributes": {
                            "acl": "public-read",
                            "bucket": "www.zxjinn.com",
                            "cache_control": "",
                            "content_disposition": "",
                            "content_encoding": "",
                            "content_language": "",
                            "content_type": "text/plain",
                            "etag": "589cde910c8d5b7891a311d25675df7f",
                            "id": "keybase.txt",
                            "key": "keybase.txt",
                            "kms_key_id": "",
                            "server_side_encryption": "",
                            "source": "site/keybase.txt",
                            "storage_class": "STANDARD",
                            "tags.%": "0",
                            "version_id": "",
                            "website_redirect": ""
                        },
                        "meta": {},
                        "tainted": false
                    },
                    "deposed": [],
                    "provider": "provider.aws"
                },
                "data.aws_acm_certificate.www": {
                    "type": "aws_acm_certificate",
                    "depends_on": [],
                    "primary": {
                        "id": "2018-07-06 22:09:33.437090477 +0000 UTC",
                        "attributes": {
                            "arn": "arn:aws:acm:us-east-1:561511653703:certificate/cb75ce91-50b0-47da-8c54-074f9da7fa03",
                            "domain": "zxjinn.com",
                            "id": "2018-07-06 22:09:33.437090477 +0000 UTC",
                            "most_recent": "false",
                            "statuses.#": "1",
                            "statuses.0": "ISSUED"
                        },
                        "meta": {},
                        "tainted": false
                    },
                    "deposed": [],
                    "provider": "provider.aws.acm"
                }
            },
            "depends_on": []
        }
    ]
}
